{
  "name": "cosmos-servapps-official",
  "version": "1.0.0",
  "lockfileVersion": 3,
  "requires": true,
  "packages": {
    "": {
      "name": "cosmos-servapps-official",
      "version": "1.0.0",
      "devDependencies": {
        "whiskers": "^0.4.0"
      }
    },
    "node_modules/whiskers": {
      "version": "0.4.0",
      "resolved": "https://registry.npmjs.org/whiskers/-/whiskers-0.4.0.tgz",
      "integrity": "sha512-pTygA/fE6RIMOp3AwUy7E9jrdpqUEa4k5VCdJIBZ/64kNtiMuCTCYC6fzbiUhjxN32zX+qZQlZACMC/un5HS7A==",
      "dev": true,
      "engines": {
        "node": ">=0.4.0"
      }
    }
  }
}
